
Microsoft Visual Studio Solution File, Format Version 12.00
# Visual Studio 15
VisualStudioVersion = 15.0.28307.960
MinimumVisualStudioVersion = 10.0.40219.1
Project("{FAE04EC0-301F-11D3-BF4B-00C04F79EFBC}") = "Power-Retail", "Power-Retail\Power-Retail.csproj", "{3CAB5FD2-4124-4ACE-8F7F-B7C2DFCC4401}"
EndProject
Global
	GlobalSection(SolutionConfigurationPlatforms) = preSolution
		Debug|Any CPU = Debug|Any CPU
		Release|Any CPU = Release|Any CPU
	EndGlobalSection
	GlobalSection(ProjectConfigurationPlatforms) = postSolution
		{3CAB5FD2-4124-4ACE-8F7F-B7C2DFCC4401}.Debug|Any CPU.ActiveCfg = Debug|Any CPU
		{3CAB5FD2-4124-4ACE-8F7F-B7C2DFCC4401}.Debug|Any CPU.Build.0 = Debug|Any CPU
		{3CAB5FD2-4124-4ACE-8F7F-B7C2DFCC4401}.Release|Any CPU.ActiveCfg = Release|Any CPU
		{3CAB5FD2-4124-4ACE-8F7F-B7C2DFCC4401}.Release|Any CPU.Build.0 = Release|Any CPU
	EndGlobalSection
	GlobalSection(SolutionProperties) = preSolution
		HideSolutionNode = FALSE
	EndGlobalSection
	GlobalSection(ExtensibilityGlobals) = postSolution
		SolutionGuid = {5953A0C8-F0A7-4AB2-93FE-5421817AF85F}
	EndGlobalSection
EndGlobal
